
Microsoft Visual Studio Solution File, Format Version 12.00
# Visual Studio Version 16
VisualStudioVersion = 16.0.30002.166
MinimumVisualStudioVersion = 10.0.40219.1
Project("{FAE04EC0-301F-11D3-BF4B-00C04F79EFBC}") = "GameClient", "GameClient\GameClient.csproj", "{1C1773A7-744C-4AD3-87C2-564C86523AF5}"
EndProject
Project("{9A19103F-16F7-4668-BE54-9A1E7A4F7556}") = "Nez", "..\..\..\..\OneDrive\Documents\Development\Nez\Nez.Portable\Nez.csproj", "{DB022000-6BDB-4837-A4D0-5E48C2D0C4FE}"
EndProject
Project("{9A19103F-16F7-4668-BE54-9A1E7A4F7556}") = "Nez.FarseerPhysics", "..\..\..\..\OneDrive\Documents\Development\Nez\Nez.FarseerPhysics\Nez.FarseerPhysics.csproj", "{DB2D2AA2-5F6B-4ACD-8792-70CC0D05BAA5}"
EndProject
Global
	GlobalSection(SolutionConfigurationPlatforms) = preSolution
		Debug|Any CPU = Debug|Any CPU
		Release|Any CPU = Release|Any CPU
	EndGlobalSection
	GlobalSection(ProjectConfigurationPlatforms) = postSolution
		{1C1773A7-744C-4AD3-87C2-564C86523AF5}.Debug|Any CPU.ActiveCfg = Debug|Any CPU
		{1C1773A7-744C-4AD3-87C2-564C86523AF5}.Debug|Any CPU.Build.0 = Debug|Any CPU
		{1C1773A7-744C-4AD3-87C2-564C86523AF5}.Release|Any CPU.ActiveCfg = Release|Any CPU
		{1C1773A7-744C-4AD3-87C2-564C86523AF5}.Release|Any CPU.Build.0 = Release|Any CPU
		{DB022000-6BDB-4837-A4D0-5E48C2D0C4FE}.Debug|Any CPU.ActiveCfg = Debug|Any CPU
		{DB022000-6BDB-4837-A4D0-5E48C2D0C4FE}.Debug|Any CPU.Build.0 = Debug|Any CPU
		{DB022000-6BDB-4837-A4D0-5E48C2D0C4FE}.Release|Any CPU.ActiveCfg = Release|Any CPU
		{DB022000-6BDB-4837-A4D0-5E48C2D0C4FE}.Release|Any CPU.Build.0 = Release|Any CPU
		{DB2D2AA2-5F6B-4ACD-8792-70CC0D05BAA5}.Debug|Any CPU.ActiveCfg = Debug|Any CPU
		{DB2D2AA2-5F6B-4ACD-8792-70CC0D05BAA5}.Debug|Any CPU.Build.0 = Debug|Any CPU
		{DB2D2AA2-5F6B-4ACD-8792-70CC0D05BAA5}.Release|Any CPU.ActiveCfg = Release|Any CPU
		{DB2D2AA2-5F6B-4ACD-8792-70CC0D05BAA5}.Release|Any CPU.Build.0 = Release|Any CPU
	EndGlobalSection
	GlobalSection(SolutionProperties) = preSolution
		HideSolutionNode = FALSE
	EndGlobalSection
	GlobalSection(ExtensibilityGlobals) = postSolution
		SolutionGuid = {84D2EB40-4D74-48D5-9CF0-EBE07FA9AB8E}
	EndGlobalSection
EndGlobal
